
Microsoft Visual Studio Solution File, Format Version 12.00
# Visual Studio Version 17
VisualStudioVersion = 17.7.34003.232
MinimumVisualStudioVersion = 10.0.40219.1
Project("{8BC9CEB8-8B4A-11D0-8D11-00A0C91BC942}") = "Demeter", "Demeter\Demeter.vcxproj", "{9E381599-A55C-46CA-82B4-2C684F24B776}"
EndProject
Global
	GlobalSection(SolutionConfigurationPlatforms) = preSolution
		Debug|x64 = Debug|x64
		Debug|x86 = Debug|x86
		Release|x64 = Release|x64
		Release|x86 = Release|x86
	EndGlobalSection
	GlobalSection(ProjectConfigurationPlatforms) = postSolution
		{9E381599-A55C-46CA-82B4-2C684F24B776}.Debug|x64.ActiveCfg = Debug|x64
		{9E381599-A55C-46CA-82B4-2C684F24B776}.Debug|x64.Build.0 = Debug|x64
		{9E381599-A55C-46CA-82B4-2C684F24B776}.Debug|x86.ActiveCfg = Debug|Win32
		{9E381599-A55C-46CA-82B4-2C684F24B776}.Debug|x86.Build.0 = Debug|Win32
		{9E381599-A55C-46CA-82B4-2C684F24B776}.Release|x64.ActiveCfg = Release|x64
		{9E381599-A55C-46CA-82B4-2C684F24B776}.Release|x64.Build.0 = Release|x64
		{9E381599-A55C-46CA-82B4-2C684F24B776}.Release|x86.ActiveCfg = Release|Win32
		{9E381599-A55C-46CA-82B4-2C684F24B776}.Release|x86.Build.0 = Release|Win32
	EndGlobalSection
	GlobalSection(SolutionProperties) = preSolution
		HideSolutionNode = FALSE
	EndGlobalSection
	GlobalSection(ExtensibilityGlobals) = postSolution
		SolutionGuid = {5BF8799B-2333-4A15-AB77-FE699D622C1C}
	EndGlobalSection
EndGlobal
